{
  "name": "slugtistics",
  "lockfileVersion": 3,
  "requires": true,
  "packages": {
    "": {
      "dependencies": {
        "react-ga4": "^2.1.0"
      }
    },
    "node_modules/react-ga4": {
      "version": "2.1.0",
      "resolved": "https://registry.npmjs.org/react-ga4/-/react-ga4-2.1.0.tgz",
      "integrity": "sha512-ZKS7PGNFqqMd3PJ6+C2Jtz/o1iU9ggiy8Y8nUeksgVuvNISbmrQtJiZNvC/TjDsqD0QlU5Wkgs7i+w9+OjHhhQ=="
    }
  }
}
